# This file is autogenerated, do not edit; changes may be undone by the next 'dep ensure'.


[[projects]]
  digest = "1:e34aee3a3941a81a219686e0c77f4727afb9ca2622ba3739d2ad0101b371e0f6"
  name = "github.com/PuerkitoBio/purell"
  packages = ["."]
  pruneopts = "UT"
  revision = "b938d81255b5473c57635324295cb0fe398c7a58"

[[projects]]
  digest = "1:bc02264f81c4d7b57631ecd892b595a8df217c55afc2656fd9c700920a609b3c"
  name = "github.com/PuerkitoBio/urlesc"
  packages = ["."]
  pruneopts = "UT"
  revision = "bbf7a2afc14f93e1e0a5c06df524fbd75e5031e5"

[[projects]]
  digest = "1:a58f2e37378a4547114b7a8c9223006e94807a266bd2172f14ec3c635566e8e0"
  name = "github.com/aws/aws-sdk-go"
  packages = [
    "aws",
    "aws/awserr",
    "aws/awsutil",
    "aws/client",
    "aws/client/metadata",
    "aws/corehandlers",
    "aws/credentials",
    "aws/credentials/ec2rolecreds",
    "aws/credentials/endpointcreds",
    "aws/credentials/stscreds",
    "aws/defaults",
    "aws/ec2metadata",
    "aws/endpoints",
    "aws/request",
    "aws/session",
    "aws/signer/v4",
    "private/protocol",
    "private/protocol/json/jsonutil",
    "private/protocol/jsonrpc",
    "private/protocol/query",
    "private/protocol/query/queryutil",
    "private/protocol/rest",
    "private/protocol/xml/xmlutil",
    "service/firehose",
    "service/sts",
  ]
  pruneopts = "UT"
  revision = "93d79a6f6ee488a2f5ca622a8d39628e10e2f41d"

[[projects]]
  digest = "1:71a39952117588ef75d2b02f09d2665574fccf5993dfbce074594b4c302803c5"
  name = "github.com/cenkalti/backoff"
  packages = ["."]
  pruneopts = "UT"
  revision = "5d150e7eec023ce7a124856b37c68e54b4050ac7"

[[projects]]
  digest = "1:e91cf9c7a5c5bc8e2505c66296bde9daf8839a826edd3c99f013a70ec017d1d6"
  name = "github.com/coreos/go-systemd"
  packages = ["sdjournal"]
  pruneopts = "UT"
  revision = "1f9909e51b2dab2487c26d64c8f2e7e580e4c9f5"

[[projects]]
  digest = "1:6e2ff82d2fe11ee35ec8dceb4346b8144a761f1c8655592c4ebe99a92fcec327"
  name = "github.com/coreos/pkg"
  packages = ["dlopen"]
  pruneopts = "UT"
  revision = "099530d80109cc4876ac866c38dded19786731d0"

[[projects]]
  digest = "1:a2c1d0e43bd3baaa071d1b9ed72c27d78169b2b269f71c105ac4ba34b1be4a39"
  name = "github.com/davecgh/go-spew"
  packages = ["spew"]
  pruneopts = "UT"
  revision = "346938d642f2ec3594ed81d874461961cd0faa76"
  version = "v1.1.0"

[[projects]]
  digest = "1:767be9f40efeaa89519a1b7d04bcc1e841760466bdd481b4b4cca63a00a1eef8"
  name = "github.com/docker/distribution"
  packages = [
    "digestset",
    "reference",
  ]
  pruneopts = "UT"
  revision = "c3e06c6069653bf72034ed907d6749d3928fdacb"

[[projects]]
  digest = "1:2d580c68060ec463bca95f5f27230611e5c731a6e8195c31481f69a2b4eda05d"
  name = "github.com/emicklei/go-restful"
  packages = [
    ".",
    "log",
    "swagger",
  ]
  pruneopts = "UT"
  revision = "777bb3f19bcafe2575ffb2a3e46af92509ae9594"
  version = "v1.2"

[[projects]]
  digest = "1:2cd7915ab26ede7d95b8749e6b1f933f1c6d5398030684e6505940a10f31cfda"
  name = "github.com/ghodss/yaml"
  packages = ["."]
  pruneopts = "UT"
  revision = "0ca9ea5df5451ffdf184b4428c902747c2c11cd7"
  version = "v1.0.0"

[[projects]]
  digest = "1:f779e6a6b3a143d9fd6cbc8e1c3ddfbe42df2cbab0ecabe66669a609a56460b8"
  name = "github.com/go-ini/ini"
  packages = ["."]
  pruneopts = "UT"
  revision = "e7fea39b01aea8d5671f6858f0532f56e8bff3a5"
  version = "v1.27.0"

[[projects]]
  digest = "1:c3aa97991efc907914bfeec566b017ad28dbca582d63b586230bddac60cd7f46"
  name = "github.com/go-openapi/jsonpointer"
  packages = ["."]
  pruneopts = "UT"
  revision = "779f45308c19820f1a69e9a4cd965f496e0da10f"

[[projects]]
  digest = "1:1c24a2c6b9d03310bfee2a5fbbfda0451d484678c25a36d718d2c138bd2aaad4"
  name = "github.com/go-openapi/jsonreference"
  packages = ["."]
  pruneopts = "UT"
  revision = "36d33bfe519efae5632669801b180bf1a245da3b"

[[projects]]
  digest = "1:51051105ef01b2e70b4bd488eed94568d9857db6ff72af476546814ec0ca76f2"
  name = "github.com/go-openapi/spec"
  packages = ["."]
  pruneopts = "UT"
  revision = "02fb9cd3430ed0581e0ceb4804d5d4b3cc702694"

[[projects]]
  digest = "1:1c16083f82f7ae399dcaf3f7a2016cdf9a80c65724d5e31543ecc5b52b58aaa2"
  name = "github.com/go-openapi/swag"
  packages = ["."]
  pruneopts = "UT"
  revision = "d5f8ebc3b1c55a4cf6489eeae7354f338cfe299e"

[[projects]]
  digest = "1:606e8a99b47ae37712733dd801cc7f2e7ec75e6a478b1f5c87d482789f1e5525"
  name = "github.com/gogo/protobuf"
  packages = [
    "proto",
    "sortkeys",
  ]
  pruneopts = "UT"
  revision = "6fe4aed35b712b681d5d372e06da5344c22ed61f"

[[projects]]
  branch = "master"
  digest = "1:1ba1d79f2810270045c328ae5d674321db34e3aae468eb4233883b473c5c0467"
  name = "github.com/golang/glog"
  packages = ["."]
  pruneopts = "UT"
  revision = "23def4e6c14b4da8ac2ed8007337bc5eb5007998"

[[projects]]
  digest = "1:41bfd4219241b7f7d6e6fdb13fc712576f1337e68e6b895136283b76928fdd66"
  name = "github.com/google/gofuzz"
  packages = ["."]
  pruneopts = "UT"
  revision = "44d81051d367757e1c7c6a5a86423ece9afcf63c"

[[projects]]
  digest = "1:c419ae6e1a397c8a8eb15bcdc28c2e16bbcd148da9b4bdad6daf89f98a0a6b57"
  name = "github.com/hashicorp/golang-lru"
  packages = [
    ".",
    "simplelru",
  ]
  pruneopts = "UT"
  revision = "0a025b7e63adc15a622f29b0b2c4c3848243bbf6"

[[projects]]
  branch = "master"
  digest = "1:0778dc7fce1b4669a8bfa7ae506ec1f595b6ab0f8989c1c0d22a8ca1144e9972"
  name = "github.com/howeyc/gopass"
  packages = ["."]
  pruneopts = "UT"
  revision = "bf9dde6d0d2c004a008c27aaee91170c786f6db8"

[[projects]]
  digest = "1:f56a17eb79c130bf9f2133a9706a1791b76be24028c0935949aecf5944cf6993"
  name = "github.com/imdario/mergo"
  packages = ["."]
  pruneopts = "UT"
  revision = "d806ba8c21777d504a2090a2ca4913c750dd3a33"

[[projects]]
  digest = "1:777a19f55da89883fe86477b3ffcaaebece9a20efa6e9d161c08beb4b3bd83be"
  name = "github.com/jmespath/go-jmespath"
  packages = ["."]
  pruneopts = "UT"
  revision = "bd40a432e4c76585ef6b72d3fd96fb9b6dc7b68d"

[[projects]]
  digest = "1:14234aa45de47733db32e6b8b271a6ebaa24d7cdb5ee151f0ba1f9f805531146"
  name = "github.com/juju/ratelimit"
  packages = ["."]
  pruneopts = "UT"
  revision = "acf38b000a03e4ab89e40f20f1e548f4e6ac7f72"

[[projects]]
  digest = "1:c8b03628f9023c1ec1b882f599f2b9376c7a0c1e767a084f0238d1b5db31a285"
  name = "github.com/mailru/easyjson"
  packages = [
    "buffer",
    "jlexer",
    "jwriter",
  ]
  pruneopts = "UT"
  revision = "2af9a745a611440bab0528e5ac19b2805a1c50eb"

[[projects]]
  digest = "1:159d8a990f45d4891f1f04cb6ad7eb18b307cd02d783f7d37fa7a3b93912b172"
  name = "github.com/opencontainers/go-digest"
  packages = ["."]
  pruneopts = "UT"
  revision = "aa2ec055abd10d26d539eb630a92241b781ce4bc"
  version = "v1.0.0-rc0"

[[projects]]
  digest = "1:8e30dbe48cdc868059aa213a40ce556fb571bbe32de48d4bf64fdde9e32cc245"
  name = "github.com/pkg/errors"
  packages = ["."]
  pruneopts = "UT"
  revision = "ff09b135c25aae272398c51a07235b90a75aa4f0"

[[projects]]
  digest = "1:a51e10a4208363dc9560f2e86ee92a8a5a761e489d5ab24d89b6faa22dd76c8e"
  name = "github.com/spf13/pflag"
  packages = ["."]
  pruneopts = "UT"
  revision = "e453343e6260b4a3a89f1f0e10a2fbb07f8d9750"

[[projects]]
  digest = "1:b4d903642b113ac0288b91e51d01d148e0260e06fa64a6ef49848b8242451f15"
  name = "github.com/ugorji/go"
  packages = ["codec"]
  pruneopts = "UT"
  revision = "708a42d246822952f38190a8d8c4e6b16a0e600c"

[[projects]]
  digest = "1:2529240553fda6e3a210441dc6c5439e4c05f9915e7ddd50e64fc440ef141deb"
  name = "go.uber.org/atomic"
  packages = ["."]
  pruneopts = "UT"
  revision = "70bd1261d36be490ebd22a62b385a3c5d23b6240"

[[projects]]
  digest = "1:60bf2a5e347af463c42ed31a493d817f8a72f102543060ed992754e689805d1a"
  name = "go.uber.org/multierr"
  packages = ["."]
  pruneopts = "UT"
  revision = "3c4937480c32f4c13a875a1829af76c98ca3d40a"
  version = "v1.1.0"

[[projects]]
  digest = "1:de8c8ab29a2639d85a78a917712348f4071241c4c5eba60ab0bd82c70a8c7cbe"
  name = "go.uber.org/zap"
  packages = [
    ".",
    "buffer",
    "internal/bufferpool",
    "internal/color",
    "internal/exit",
    "zapcore",
  ]
  pruneopts = "UT"
  revision = "416e66ad83ebde35df0e09f02e65ac149e193b0e"

[[projects]]
  digest = "1:b6cd3c63bbf938e5cfccbd749317de66c5941089e124c2964813371256fa11d0"
  name = "golang.org/x/crypto"
  packages = ["ssh/terminal"]
  pruneopts = "UT"
  revision = "9b9c1afcb078c2080cd1fac84be67797a33a32e9"

[[projects]]
  digest = "1:5f0ed4b7698c8571e2938de6570f2865b38bf01cfb88f38f742beec4e6f61559"
  name = "golang.org/x/net"
  packages = [
    "context",
    "http2",
    "http2/hpack",
    "idna",
    "lex/httplex",
  ]
  pruneopts = "UT"
  revision = "d1e1b351919c6738fdeb9893d5c998b161464f0c"

[[projects]]
  digest = "1:9b4e2242a9c43a32bc2ceb075231a3e52d6fbca10ab89526b3ae70df1613f5a6"
  name = "golang.org/x/sys"
  packages = ["unix"]
  pruneopts = "UT"
  revision = "07c182904dbd53199946ba614a412c61d3c548f5"

[[projects]]
  digest = "1:9cbd269307e184355be590fb5c1647ff32084190a61a878e398352ae65542223"
  name = "golang.org/x/text"
  packages = [
    "internal/gen",
    "internal/triegen",
    "internal/ucd",
    "secure/bidirule",
    "transform",
    "unicode/bidi",
    "unicode/cldr",
    "unicode/norm",
    "unicode/rangetable",
    "width",
  ]
  pruneopts = "UT"
  revision = "f4b4367115ec2de254587813edaa901bc1c723a8"

[[projects]]
  digest = "1:38c783cf85b9454cc02a1a8319239800ed0af6c1c864adf19cea0539e134adad"
  name = "gopkg.in/fsnotify/fsnotify.v1"
  packages = ["."]
  pruneopts = "UT"
  revision = "4da3e2cfbabc9f751898f250b49f2439785783a1"

[[projects]]
  digest = "1:ef72505cf098abdd34efeea032103377bec06abb61d8a06f002d5d296a4b1185"
  name = "gopkg.in/inf.v0"
  packages = ["."]
  pruneopts = "UT"
  revision = "3887ee99ecf07df5b447e9b00d9c0b2adaa9f3e4"
  version = "v0.9.0"

[[projects]]
  digest = "1:35c04c23c8aef680782e117c67e29750453c92d11448da616d2e399887e5fc86"
  name = "gopkg.in/yaml.v2"
  packages = ["."]
  pruneopts = "UT"
  revision = "cd8b52f8269e0feb286dfeef29f8fe4d5b397e0b"

[[projects]]
  digest = "1:efb43ef7a53f133aea83f482eae364cab3ad9f58796a5b090b01e683205ce4a9"
  name = "k8s.io/apimachinery"
  packages = [
    "pkg/api/errors",
    "pkg/api/meta",
    "pkg/api/resource",
    "pkg/apimachinery",
    "pkg/apimachinery/announced",
    "pkg/apimachinery/registered",
    "pkg/apis/meta/v1",
    "pkg/apis/meta/v1/unstructured",
    "pkg/conversion",
    "pkg/conversion/queryparams",
    "pkg/fields",
    "pkg/labels",
    "pkg/openapi",
    "pkg/runtime",
    "pkg/runtime/schema",
    "pkg/runtime/serializer",
    "pkg/runtime/serializer/json",
    "pkg/runtime/serializer/protobuf",
    "pkg/runtime/serializer/recognizer",
    "pkg/runtime/serializer/streaming",
    "pkg/runtime/serializer/versioning",
    "pkg/selection",
    "pkg/types",
    "pkg/util/diff",
    "pkg/util/errors",
    "pkg/util/framer",
    "pkg/util/intstr",
    "pkg/util/json",
    "pkg/util/net",
    "pkg/util/rand",
    "pkg/util/runtime",
    "pkg/util/sets",
    "pkg/util/validation",
    "pkg/util/validation/field",
    "pkg/util/wait",
    "pkg/util/yaml",
    "pkg/version",
    "pkg/watch",
    "third_party/forked/golang/reflect",
  ]
  pruneopts = "UT"
  revision = "b317fa7ec8e0e7d1f77ac63bf8c3ec7b29a2a215"

[[projects]]
  digest = "1:222f7b99f441d47fd37027c69a71febd09070a06f681cc53a8cb715cc562eff1"
  name = "k8s.io/client-go"
  packages = [
    "discovery",
    "kubernetes",
    "kubernetes/scheme",
    "kubernetes/typed/apps/v1beta1",
    "kubernetes/typed/authentication/v1",
    "kubernetes/typed/authentication/v1beta1",
    "kubernetes/typed/authorization/v1",
    "kubernetes/typed/authorization/v1beta1",
    "kubernetes/typed/autoscaling/v1",
    "kubernetes/typed/autoscaling/v2alpha1",
    "kubernetes/typed/batch/v1",
    "kubernetes/typed/batch/v2alpha1",
    "kubernetes/typed/certificates/v1beta1",
    "kubernetes/typed/core/v1",
    "kubernetes/typed/extensions/v1beta1",
    "kubernetes/typed/policy/v1beta1",
    "kubernetes/typed/rbac/v1alpha1",
    "kubernetes/typed/rbac/v1beta1",
    "kubernetes/typed/settings/v1alpha1",
    "kubernetes/typed/storage/v1",
    "kubernetes/typed/storage/v1beta1",
    "pkg/api",
    "pkg/api/install",
    "pkg/api/v1",
    "pkg/apis/apps",
    "pkg/apis/apps/install",
    "pkg/apis/apps/v1beta1",
    "pkg/apis/authentication",
    "pkg/apis/authentication/install",
    "pkg/apis/authentication/v1",
    "pkg/apis/authentication/v1beta1",
    "pkg/apis/authorization",
    "pkg/apis/authorization/install",
    "pkg/apis/authorization/v1",
    "pkg/apis/authorization/v1beta1",
    "pkg/apis/autoscaling",
    "pkg/apis/autoscaling/install",
    "pkg/apis/autoscaling/v1",
    "pkg/apis/autoscaling/v2alpha1",
    "pkg/apis/batch",
    "pkg/apis/batch/install",
    "pkg/apis/batch/v1",
    "pkg/apis/batch/v2alpha1",
    "pkg/apis/certificates",
    "pkg/apis/certificates/install",
    "pkg/apis/certificates/v1beta1",
    "pkg/apis/extensions",
    "pkg/apis/extensions/install",
    "pkg/apis/extensions/v1beta1",
    "pkg/apis/policy",
    "pkg/apis/policy/install",
    "pkg/apis/policy/v1beta1",
    "pkg/apis/rbac",
    "pkg/apis/rbac/install",
    "pkg/apis/rbac/v1alpha1",
    "pkg/apis/rbac/v1beta1",
    "pkg/apis/settings",
    "pkg/apis/settings/install",
    "pkg/apis/settings/v1alpha1",
    "pkg/apis/storage",
    "pkg/apis/storage/install",
    "pkg/apis/storage/v1",
    "pkg/apis/storage/v1beta1",
    "pkg/util",
    "pkg/util/parsers",
    "pkg/version",
    "rest",
    "rest/watch",
    "tools/auth",
    "tools/cache",
    "tools/clientcmd",
    "tools/clientcmd/api",
    "tools/clientcmd/api/latest",
    "tools/clientcmd/api/v1",
    "tools/metrics",
    "transport",
    "util/cert",
    "util/clock",
    "util/flowcontrol",
    "util/homedir",
    "util/integer",
  ]
  pruneopts = "UT"
  revision = "4a3ab2f5be5177366f8206fd79ce55ca80e417fa"

[solve-meta]
  analyzer-name = "dep"
  analyzer-version = 1
  input-imports = [
    "github.com/aws/aws-sdk-go/aws",
    "github.com/aws/aws-sdk-go/aws/ec2metadata",
    "github.com/aws/aws-sdk-go/aws/endpoints",
    "github.com/aws/aws-sdk-go/aws/session",
    "github.com/aws/aws-sdk-go/service/firehose",
    "github.com/cenkalti/backoff",
    "github.com/coreos/go-systemd/sdjournal",
    "github.com/hashicorp/golang-lru",
    "github.com/pkg/errors",
    "go.uber.org/zap",
    "gopkg.in/fsnotify/fsnotify.v1",
    "k8s.io/apimachinery/pkg/apis/meta/v1",
    "k8s.io/apimachinery/pkg/fields",
    "k8s.io/apimachinery/pkg/types",
    "k8s.io/apimachinery/pkg/util/wait",
    "k8s.io/client-go/kubernetes",
    "k8s.io/client-go/pkg/api/v1",
    "k8s.io/client-go/tools/cache",
    "k8s.io/client-go/tools/clientcmd",
  ]
  solver-name = "gps-cdcl"
  solver-version = 1
